
Microsoft Visual Studio Solution File, Format Version 12.00
# Visual Studio Version 16
VisualStudioVersion = 16.0.31702.278
MinimumVisualStudioVersion = 10.0.40219.1
Project("{FAE04EC0-301F-11D3-BF4B-00C04F79EFBC}") = "Parcial1", "Parcial1\Parcial1.csproj", "{8FD30ED6-F0F4-45C7-91C5-7F003BFFC44E}"
EndProject
Global
	GlobalSection(SolutionConfigurationPlatforms) = preSolution
		Debug|Any CPU = Debug|Any CPU
		Release|Any CPU = Release|Any CPU
	EndGlobalSection
	GlobalSection(ProjectConfigurationPlatforms) = postSolution
		{8FD30ED6-F0F4-45C7-91C5-7F003BFFC44E}.Debug|Any CPU.ActiveCfg = Debug|Any CPU
		{8FD30ED6-F0F4-45C7-91C5-7F003BFFC44E}.Debug|Any CPU.Build.0 = Debug|Any CPU
		{8FD30ED6-F0F4-45C7-91C5-7F003BFFC44E}.Release|Any CPU.ActiveCfg = Release|Any CPU
		{8FD30ED6-F0F4-45C7-91C5-7F003BFFC44E}.Release|Any CPU.Build.0 = Release|Any CPU
	EndGlobalSection
	GlobalSection(SolutionProperties) = preSolution
		HideSolutionNode = FALSE
	EndGlobalSection
	GlobalSection(ExtensibilityGlobals) = postSolution
		SolutionGuid = {95A21CAE-09DC-4002-A4A5-88300474FD29}
	EndGlobalSection
EndGlobal
